# This file was autogenerated by Stack.
# You should not edit this file by hand.
# For more information, please see the documentation at:
#   https://docs.haskellstack.org/en/stable/topics/lock_files

packages:
- completed:
    hackage: plotlyhs-0.2.3@sha256:6caa312ff3eabb0e68f0d2ac6289e5084a9590142a7702764308e345b557d4b8,1531
    pantry-tree:
      sha256: 47a05a348019e79335a11b3c13303e2aca5df8ef5f8e00274de6fb3babc60c3e
      size: 751
  original:
    hackage: plotlyhs-0.2.3
snapshots:
- completed:
    sha256: db422bffc7b66cea3ad1dfa71440d1209e37b6233c4080eb2ea1fb9b91eacde5
    size: 726109
    url: https://raw.githubusercontent.com/commercialhaskell/stackage-snapshots/master/lts/24/17.yaml
  original:
    url: https://raw.githubusercontent.com/commercialhaskell/stackage-snapshots/master/lts/24/17.yaml
